# This file is generated by running "yarn install" inside your project.
# Manual changes might be lost - proceed with caution!

__metadata:
  version: 8
  cacheKey: 10c0

"@blinders/cli@workspace:cli":
  version: 0.0.0-use.local
  resolution: "@blinders/cli@workspace:cli"
  dependencies:
    "@types/commander": "npm:^2.12.2"
    commander: "npm:^12.0.0"
  languageName: unknown
  linkType: soft

"@types/commander@npm:^2.12.2":
  version: 2.12.2
  resolution: "@types/commander@npm:2.12.2"
  dependencies:
    commander: "npm:*"
  checksum: 10c0/5a3111a45b13ac341b1b81a18c0656830178a120843cde2e8bb288c571bfdeb46301fc9a5423cae6ee195b007220599f669284242ceb40e018bba833eee4786b
  languageName: node
  linkType: hard

"blinders@workspace:.":
  version: 0.0.0-use.local
  resolution: "blinders@workspace:."
  languageName: unknown
  linkType: soft

"commander@npm:*, commander@npm:^12.0.0":
  version: 12.0.0
  resolution: "commander@npm:12.0.0"
  checksum: 10c0/e51cac1d1d0aa1f76581981d2256a9249497e08f5a370bf63b0dfc7e76a647fc8cbc3ddd507928f2bdca6c514c83834e87e2687ace2fe2fc7cc7e631bf80f83d
  languageName: node
  linkType: hard
