# This file is automatically @generated by Poetry 1.7.0 and should not be changed by hand.

[[package]]
name = "blinders-dictionary-core"
version = "0.1.1"
description = ""
optional = false
python-versions = "^3.10"
files = []
develop = true

[package.source]
type = "directory"
url = "../../packages/dictionary"

[metadata]
lock-version = "2.0"
python-versions = "^3.10"
content-hash = "be26778d4f02c27bc17e0e92f5c04f8cd0f8e65032d74e908d3a03322dd14b94"
